
Microsoft Visual Studio Solution File, Format Version 12.00
# Visual Studio Version 17
VisualStudioVersion = 17.2.32602.215
MinimumVisualStudioVersion = 10.0.40219.1
Project("{FAE04EC0-301F-11D3-BF4B-00C04F79EFBC}") = "Netzsch.ClientServer.Web", "Netzsch.ClientServer.Web\Netzsch.ClientServer.Web.csproj", "{5CEC8A98-B46C-4154-8F8F-F95035D6EA02}"
EndProject
Global
	GlobalSection(SolutionConfigurationPlatforms) = preSolution
		Debug|Any CPU = Debug|Any CPU
		Release|Any CPU = Release|Any CPU
	EndGlobalSection
	GlobalSection(ProjectConfigurationPlatforms) = postSolution
		{5CEC8A98-B46C-4154-8F8F-F95035D6EA02}.Debug|Any CPU.ActiveCfg = Debug|Any CPU
		{5CEC8A98-B46C-4154-8F8F-F95035D6EA02}.Debug|Any CPU.Build.0 = Debug|Any CPU
		{5CEC8A98-B46C-4154-8F8F-F95035D6EA02}.Release|Any CPU.ActiveCfg = Release|Any CPU
		{5CEC8A98-B46C-4154-8F8F-F95035D6EA02}.Release|Any CPU.Build.0 = Release|Any CPU
	EndGlobalSection
	GlobalSection(SolutionProperties) = preSolution
		HideSolutionNode = FALSE
	EndGlobalSection
	GlobalSection(ExtensibilityGlobals) = postSolution
		SolutionGuid = {81A2562C-A807-4388-9584-7E8AA2B8F745}
	EndGlobalSection
EndGlobal
